
Microsoft Visual Studio Solution File, Format Version 12.00
# Visual Studio Version 16
VisualStudioVersion = 16.0.34114.132
MinimumVisualStudioVersion = 10.0.40219.1
Project("{FAE04EC0-301F-11D3-BF4B-00C04F79EFBC}") = "Binary_Search", "Binary_Search\Binary_Search.csproj", "{5C10539D-0AB2-4090-BDCF-C62A4DB02F23}"
EndProject
Global
	GlobalSection(SolutionConfigurationPlatforms) = preSolution
		Debug|Any CPU = Debug|Any CPU
		Release|Any CPU = Release|Any CPU
	EndGlobalSection
	GlobalSection(ProjectConfigurationPlatforms) = postSolution
		{5C10539D-0AB2-4090-BDCF-C62A4DB02F23}.Debug|Any CPU.ActiveCfg = Debug|Any CPU
		{5C10539D-0AB2-4090-BDCF-C62A4DB02F23}.Debug|Any CPU.Build.0 = Debug|Any CPU
		{5C10539D-0AB2-4090-BDCF-C62A4DB02F23}.Release|Any CPU.ActiveCfg = Release|Any CPU
		{5C10539D-0AB2-4090-BDCF-C62A4DB02F23}.Release|Any CPU.Build.0 = Release|Any CPU
	EndGlobalSection
	GlobalSection(SolutionProperties) = preSolution
		HideSolutionNode = FALSE
	EndGlobalSection
	GlobalSection(ExtensibilityGlobals) = postSolution
		SolutionGuid = {EEF19ACD-DBBC-4F14-A69F-8A54BBE324B4}
	EndGlobalSection
EndGlobal
